
Microsoft Visual Studio Solution File, Format Version 12.00
# Visual Studio Version 16
VisualStudioVersion = 16.0.31515.178
MinimumVisualStudioVersion = 10.0.40219.1
Project("{FAE04EC0-301F-11D3-BF4B-00C04F79EFBC}") = "Crawler", "Crawler\Crawler.csproj", "{7A79DB5D-B816-41F8-A08F-4E45E506FF87}"
EndProject
Global
	GlobalSection(SolutionConfigurationPlatforms) = preSolution
		Debug|Any CPU = Debug|Any CPU
		Release|Any CPU = Release|Any CPU
	EndGlobalSection
	GlobalSection(ProjectConfigurationPlatforms) = postSolution
		{7A79DB5D-B816-41F8-A08F-4E45E506FF87}.Debug|Any CPU.ActiveCfg = Debug|Any CPU
		{7A79DB5D-B816-41F8-A08F-4E45E506FF87}.Debug|Any CPU.Build.0 = Debug|Any CPU
		{7A79DB5D-B816-41F8-A08F-4E45E506FF87}.Release|Any CPU.ActiveCfg = Release|Any CPU
		{7A79DB5D-B816-41F8-A08F-4E45E506FF87}.Release|Any CPU.Build.0 = Release|Any CPU
	EndGlobalSection
	GlobalSection(SolutionProperties) = preSolution
		HideSolutionNode = FALSE
	EndGlobalSection
	GlobalSection(ExtensibilityGlobals) = postSolution
		SolutionGuid = {D13C2F7F-E6A9-4B0E-937A-9618D455D2B4}
	EndGlobalSection
EndGlobal
